
Microsoft Visual Studio Solution File, Format Version 12.00
# Visual Studio 15
VisualStudioVersion = 15.0.27703.2042
MinimumVisualStudioVersion = 10.0.40219.1
Project("{FAE04EC0-301F-11D3-BF4B-00C04F79EFBC}") = "Lands.Android", "Lands\Lands.Android\Lands.Android.csproj", "{543287AB-0C5D-459F-8B6A-8971E2C4E439}"
EndProject
Project("{FAE04EC0-301F-11D3-BF4B-00C04F79EFBC}") = "Lands.iOS", "Lands\Lands.iOS\Lands.iOS.csproj", "{B4FE71C8-302A-4EEF-A108-7C68EDE0B250}"
EndProject
Project("{FAE04EC0-301F-11D3-BF4B-00C04F79EFBC}") = "Lands", "Lands\Lands\Lands.csproj", "{5411EE9F-AD82-4B19-A42F-77317A2DB55E}"
EndProject
Global
	GlobalSection(SolutionConfigurationPlatforms) = preSolution
		Ad-Hoc|Any CPU = Ad-Hoc|Any CPU
		Ad-Hoc|iPhone = Ad-Hoc|iPhone
		Ad-Hoc|iPhoneSimulator = Ad-Hoc|iPhoneSimulator
		AppStore|Any CPU = AppStore|Any CPU
		AppStore|iPhone = AppStore|iPhone
		AppStore|iPhoneSimulator = AppStore|iPhoneSimulator
		Debug|Any CPU = Debug|Any CPU
		Debug|iPhone = Debug|iPhone
		Debug|iPhoneSimulator = Debug|iPhoneSimulator
		Release|Any CPU = Release|Any CPU
		Release|iPhone = Release|iPhone
		Release|iPhoneSimulator = Release|iPhoneSimulator
	EndGlobalSection
	GlobalSection(ProjectConfigurationPlatforms) = postSolution
		{543287AB-0C5D-459F-8B6A-8971E2C4E439}.Ad-Hoc|Any CPU.ActiveCfg = Release|Any CPU
		{543287AB-0C5D-459F-8B6A-8971E2C4E439}.Ad-Hoc|Any CPU.Build.0 = Release|Any CPU
		{543287AB-0C5D-459F-8B6A-8971E2C4E439}.Ad-Hoc|Any CPU.Deploy.0 = Release|Any CPU
		{543287AB-0C5D-459F-8B6A-8971E2C4E439}.Ad-Hoc|iPhone.ActiveCfg = Release|Any CPU
		{543287AB-0C5D-459F-8B6A-8971E2C4E439}.Ad-Hoc|iPhone.Build.0 = Release|Any CPU
		{543287AB-0C5D-459F-8B6A-8971E2C4E439}.Ad-Hoc|iPhone.Deploy.0 = Release|Any CPU
		{543287AB-0C5D-459F-8B6A-8971E2C4E439}.Ad-Hoc|iPhoneSimulator.ActiveCfg = Release|Any CPU
		{543287AB-0C5D-459F-8B6A-8971E2C4E439}.Ad-Hoc|iPhoneSimulator.Build.0 = Release|Any CPU
		{543287AB-0C5D-459F-8B6A-8971E2C4E439}.Ad-Hoc|iPhoneSimulator.Deploy.0 = Release|Any CPU
		{543287AB-0C5D-459F-8B6A-8971E2C4E439}.AppStore|Any CPU.ActiveCfg = Release|Any CPU
		{543287AB-0C5D-459F-8B6A-8971E2C4E439}.AppStore|Any CPU.Build.0 = Release|Any CPU
		{543287AB-0C5D-459F-8B6A-8971E2C4E439}.AppStore|Any CPU.Deploy.0 = Release|Any CPU
		{543287AB-0C5D-459F-8B6A-8971E2C4E439}.AppStore|iPhone.ActiveCfg = Release|Any CPU
		{543287AB-0C5D-459F-8B6A-8971E2C4E439}.AppStore|iPhone.Build.0 = Release|Any CPU
		{543287AB-0C5D-459F-8B6A-8971E2C4E439}.AppStore|iPhone.Deploy.0 = Release|Any CPU
		{543287AB-0C5D-459F-8B6A-8971E2C4E439}.AppStore|iPhoneSimulator.ActiveCfg = Release|Any CPU
		{543287AB-0C5D-459F-8B6A-8971E2C4E439}.AppStore|iPhoneSimulator.Build.0 = Release|Any CPU
		{543287AB-0C5D-459F-8B6A-8971E2C4E439}.AppStore|iPhoneSimulator.Deploy.0 = Release|Any CPU
		{543287AB-0C5D-459F-8B6A-8971E2C4E439}.Debug|Any CPU.ActiveCfg = Debug|Any CPU
		{543287AB-0C5D-459F-8B6A-8971E2C4E439}.Debug|Any CPU.Build.0 = Debug|Any CPU
		{543287AB-0C5D-459F-8B6A-8971E2C4E439}.Debug|Any CPU.Deploy.0 = Debug|Any CPU
		{543287AB-0C5D-459F-8B6A-8971E2C4E439}.Debug|iPhone.ActiveCfg = Debug|Any CPU
		{543287AB-0C5D-459F-8B6A-8971E2C4E439}.Debug|iPhone.Build.0 = Debug|Any CPU
		{543287AB-0C5D-459F-8B6A-8971E2C4E439}.Debug|iPhone.Deploy.0 = Debug|Any CPU
		{543287AB-0C5D-459F-8B6A-8971E2C4E439}.Debug|iPhoneSimulator.ActiveCfg = Debug|Any CPU
		{543287AB-0C5D-459F-8B6A-8971E2C4E439}.Debug|iPhoneSimulator.Build.0 = Debug|Any CPU
		{543287AB-0C5D-459F-8B6A-8971E2C4E439}.Debug|iPhoneSimulator.Deploy.0 = Debug|Any CPU
		{543287AB-0C5D-459F-8B6A-8971E2C4E439}.Release|Any CPU.ActiveCfg = Release|Any CPU
		{543287AB-0C5D-459F-8B6A-8971E2C4E439}.Release|Any CPU.Build.0 = Release|Any CPU
		{543287AB-0C5D-459F-8B6A-8971E2C4E439}.Release|Any CPU.Deploy.0 = Release|Any CPU
		{543287AB-0C5D-459F-8B6A-8971E2C4E439}.Release|iPhone.ActiveCfg = Release|Any CPU
		{543287AB-0C5D-459F-8B6A-8971E2C4E439}.Release|iPhone.Build.0 = Release|Any CPU
		{543287AB-0C5D-459F-8B6A-8971E2C4E439}.Release|iPhone.Deploy.0 = Release|Any CPU
		{543287AB-0C5D-459F-8B6A-8971E2C4E439}.Release|iPhoneSimulator.ActiveCfg = Release|Any CPU
		{543287AB-0C5D-459F-8B6A-8971E2C4E439}.Release|iPhoneSimulator.Build.0 = Release|Any CPU
		{543287AB-0C5D-459F-8B6A-8971E2C4E439}.Release|iPhoneSimulator.Deploy.0 = Release|Any CPU
		{B4FE71C8-302A-4EEF-A108-7C68EDE0B250}.Ad-Hoc|Any CPU.ActiveCfg = Ad-Hoc|iPhone
		{B4FE71C8-302A-4EEF-A108-7C68EDE0B250}.Ad-Hoc|Any CPU.Build.0 = Ad-Hoc|iPhone
		{B4FE71C8-302A-4EEF-A108-7C68EDE0B250}.Ad-Hoc|Any CPU.Deploy.0 = Ad-Hoc|iPhone
		{B4FE71C8-302A-4EEF-A108-7C68EDE0B250}.Ad-Hoc|iPhone.ActiveCfg = Ad-Hoc|iPhone
		{B4FE71C8-302A-4EEF-A108-7C68EDE0B250}.Ad-Hoc|iPhone.Build.0 = Ad-Hoc|iPhone
		{B4FE71C8-302A-4EEF-A108-7C68EDE0B250}.Ad-Hoc|iPhone.Deploy.0 = Ad-Hoc|iPhone
		{B4FE71C8-302A-4EEF-A108-7C68EDE0B250}.Ad-Hoc|iPhoneSimulator.ActiveCfg = Ad-Hoc|iPhoneSimulator
		{B4FE71C8-302A-4EEF-A108-7C68EDE0B250}.Ad-Hoc|iPhoneSimulator.Build.0 = Ad-Hoc|iPhoneSimulator
		{B4FE71C8-302A-4EEF-A108-7C68EDE0B250}.Ad-Hoc|iPhoneSimulator.Deploy.0 = Ad-Hoc|iPhoneSimulator
		{B4FE71C8-302A-4EEF-A108-7C68EDE0B250}.AppStore|Any CPU.ActiveCfg = AppStore|iPhone
		{B4FE71C8-302A-4EEF-A108-7C68EDE0B250}.AppStore|Any CPU.Build.0 = AppStore|iPhone
		{B4FE71C8-302A-4EEF-A108-7C68EDE0B250}.AppStore|Any CPU.Deploy.0 = AppStore|iPhone
		{B4FE71C8-302A-4EEF-A108-7C68EDE0B250}.AppStore|iPhone.ActiveCfg = AppStore|iPhone
		{B4FE71C8-302A-4EEF-A108-7C68EDE0B250}.AppStore|iPhone.Build.0 = AppStore|iPhone
		{B4FE71C8-302A-4EEF-A108-7C68EDE0B250}.AppStore|iPhone.Deploy.0 = AppStore|iPhone
		{B4FE71C8-302A-4EEF-A108-7C68EDE0B250}.AppStore|iPhoneSimulator.ActiveCfg = AppStore|iPhoneSimulator
		{B4FE71C8-302A-4EEF-A108-7C68EDE0B250}.AppStore|iPhoneSimulator.Build.0 = AppStore|iPhoneSimulator
		{B4FE71C8-302A-4EEF-A108-7C68EDE0B250}.AppStore|iPhoneSimulator.Deploy.0 = AppStore|iPhoneSimulator
		{B4FE71C8-302A-4EEF-A108-7C68EDE0B250}.Debug|Any CPU.ActiveCfg = Debug|iPhoneSimulator
		{B4FE71C8-302A-4EEF-A108-7C68EDE0B250}.Debug|Any CPU.Build.0 = Debug|iPhoneSimulator
		{B4FE71C8-302A-4EEF-A108-7C68EDE0B250}.Debug|Any CPU.Deploy.0 = Debug|iPhoneSimulator
		{B4FE71C8-302A-4EEF-A108-7C68EDE0B250}.Debug|iPhone.ActiveCfg = Debug|iPhone
		{B4FE71C8-302A-4EEF-A108-7C68EDE0B250}.Debug|iPhone.Build.0 = Debug|iPhone
		{B4FE71C8-302A-4EEF-A108-7C68EDE0B250}.Debug|iPhone.Deploy.0 = Debug|iPhone
		{B4FE71C8-302A-4EEF-A108-7C68EDE0B250}.Debug|iPhoneSimulator.ActiveCfg = Debug|iPhoneSimulator
		{B4FE71C8-302A-4EEF-A108-7C68EDE0B250}.Debug|iPhoneSimulator.Build.0 = Debug|iPhoneSimulator
		{B4FE71C8-302A-4EEF-A108-7C68EDE0B250}.Debug|iPhoneSimulator.Deploy.0 = Debug|iPhoneSimulator
		{B4FE71C8-302A-4EEF-A108-7C68EDE0B250}.Release|Any CPU.ActiveCfg = Release|iPhone
		{B4FE71C8-302A-4EEF-A108-7C68EDE0B250}.Release|Any CPU.Build.0 = Release|iPhone
		{B4FE71C8-302A-4EEF-A108-7C68EDE0B250}.Release|Any CPU.Deploy.0 = Release|iPhone
		{B4FE71C8-302A-4EEF-A108-7C68EDE0B250}.Release|iPhone.ActiveCfg = Release|iPhone
		{B4FE71C8-302A-4EEF-A108-7C68EDE0B250}.Release|iPhone.Build.0 = Release|iPhone
		{B4FE71C8-302A-4EEF-A108-7C68EDE0B250}.Release|iPhone.Deploy.0 = Release|iPhone
		{B4FE71C8-302A-4EEF-A108-7C68EDE0B250}.Release|iPhoneSimulator.ActiveCfg = Release|iPhoneSimulator
		{B4FE71C8-302A-4EEF-A108-7C68EDE0B250}.Release|iPhoneSimulator.Build.0 = Release|iPhoneSimulator
		{B4FE71C8-302A-4EEF-A108-7C68EDE0B250}.Release|iPhoneSimulator.Deploy.0 = Release|iPhoneSimulator
		{5411EE9F-AD82-4B19-A42F-77317A2DB55E}.Ad-Hoc|Any CPU.ActiveCfg = Debug|Any CPU
		{5411EE9F-AD82-4B19-A42F-77317A2DB55E}.Ad-Hoc|Any CPU.Build.0 = Debug|Any CPU
		{5411EE9F-AD82-4B19-A42F-77317A2DB55E}.Ad-Hoc|Any CPU.Deploy.0 = Debug|Any CPU
		{5411EE9F-AD82-4B19-A42F-77317A2DB55E}.Ad-Hoc|iPhone.ActiveCfg = Debug|Any CPU
		{5411EE9F-AD82-4B19-A42F-77317A2DB55E}.Ad-Hoc|iPhone.Build.0 = Debug|Any CPU
		{5411EE9F-AD82-4B19-A42F-77317A2DB55E}.Ad-Hoc|iPhone.Deploy.0 = Debug|Any CPU
		{5411EE9F-AD82-4B19-A42F-77317A2DB55E}.Ad-Hoc|iPhoneSimulator.ActiveCfg = Debug|Any CPU
		{5411EE9F-AD82-4B19-A42F-77317A2DB55E}.Ad-Hoc|iPhoneSimulator.Build.0 = Debug|Any CPU
		{5411EE9F-AD82-4B19-A42F-77317A2DB55E}.Ad-Hoc|iPhoneSimulator.Deploy.0 = Debug|Any CPU
		{5411EE9F-AD82-4B19-A42F-77317A2DB55E}.AppStore|Any CPU.ActiveCfg = Debug|Any CPU
		{5411EE9F-AD82-4B19-A42F-77317A2DB55E}.AppStore|Any CPU.Build.0 = Debug|Any CPU
		{5411EE9F-AD82-4B19-A42F-77317A2DB55E}.AppStore|Any CPU.Deploy.0 = Debug|Any CPU
		{5411EE9F-AD82-4B19-A42F-77317A2DB55E}.AppStore|iPhone.ActiveCfg = Debug|Any CPU
		{5411EE9F-AD82-4B19-A42F-77317A2DB55E}.AppStore|iPhone.Build.0 = Debug|Any CPU
		{5411EE9F-AD82-4B19-A42F-77317A2DB55E}.AppStore|iPhone.Deploy.0 = Debug|Any CPU
		{5411EE9F-AD82-4B19-A42F-77317A2DB55E}.AppStore|iPhoneSimulator.ActiveCfg = Debug|Any CPU
		{5411EE9F-AD82-4B19-A42F-77317A2DB55E}.AppStore|iPhoneSimulator.Build.0 = Debug|Any CPU
		{5411EE9F-AD82-4B19-A42F-77317A2DB55E}.AppStore|iPhoneSimulator.Deploy.0 = Debug|Any CPU
		{5411EE9F-AD82-4B19-A42F-77317A2DB55E}.Debug|Any CPU.ActiveCfg = Debug|Any CPU
		{5411EE9F-AD82-4B19-A42F-77317A2DB55E}.Debug|Any CPU.Build.0 = Debug|Any CPU
		{5411EE9F-AD82-4B19-A42F-77317A2DB55E}.Debug|Any CPU.Deploy.0 = Debug|Any CPU
		{5411EE9F-AD82-4B19-A42F-77317A2DB55E}.Debug|iPhone.ActiveCfg = Debug|Any CPU
		{5411EE9F-AD82-4B19-A42F-77317A2DB55E}.Debug|iPhone.Build.0 = Debug|Any CPU
		{5411EE9F-AD82-4B19-A42F-77317A2DB55E}.Debug|iPhone.Deploy.0 = Debug|Any CPU
		{5411EE9F-AD82-4B19-A42F-77317A2DB55E}.Debug|iPhoneSimulator.ActiveCfg = Debug|Any CPU
		{5411EE9F-AD82-4B19-A42F-77317A2DB55E}.Debug|iPhoneSimulator.Build.0 = Debug|Any CPU
		{5411EE9F-AD82-4B19-A42F-77317A2DB55E}.Debug|iPhoneSimulator.Deploy.0 = Debug|Any CPU
		{5411EE9F-AD82-4B19-A42F-77317A2DB55E}.Release|Any CPU.ActiveCfg = Release|Any CPU
		{5411EE9F-AD82-4B19-A42F-77317A2DB55E}.Release|Any CPU.Build.0 = Release|Any CPU
		{5411EE9F-AD82-4B19-A42F-77317A2DB55E}.Release|Any CPU.Deploy.0 = Release|Any CPU
		{5411EE9F-AD82-4B19-A42F-77317A2DB55E}.Release|iPhone.ActiveCfg = Release|Any CPU
		{5411EE9F-AD82-4B19-A42F-77317A2DB55E}.Release|iPhone.Build.0 = Release|Any CPU
		{5411EE9F-AD82-4B19-A42F-77317A2DB55E}.Release|iPhone.Deploy.0 = Release|Any CPU
		{5411EE9F-AD82-4B19-A42F-77317A2DB55E}.Release|iPhoneSimulator.ActiveCfg = Release|Any CPU
		{5411EE9F-AD82-4B19-A42F-77317A2DB55E}.Release|iPhoneSimulator.Build.0 = Release|Any CPU
		{5411EE9F-AD82-4B19-A42F-77317A2DB55E}.Release|iPhoneSimulator.Deploy.0 = Release|Any CPU
	EndGlobalSection
	GlobalSection(SolutionProperties) = preSolution
		HideSolutionNode = FALSE
	EndGlobalSection
	GlobalSection(ExtensibilityGlobals) = postSolution
		SolutionGuid = {03EF4FED-7DE3-40D2-ABF0-EBAEEF5076E2}
	EndGlobalSection
EndGlobal
